
Microsoft Visual Studio Solution File, Format Version 12.00
# Visual Studio 15
VisualStudioVersion = 15.0.26403.3
MinimumVisualStudioVersion = 10.0.40219.1
Project("{FAE04EC0-301F-11D3-BF4B-00C04F79EFBC}") = "BuildFeed", "BuildFeed\BuildFeed.csproj", "{CDDCF754-ECAA-4A66-ADAA-62957A57A51B}"
EndProject
Project("{FAE04EC0-301F-11D3-BF4B-00C04F79EFBC}") = "MongoAuth", "Authentication\MongoAuth\MongoAuth.csproj", "{7C67BFB9-1B3B-4676-A58D-10573DA82CFE}"
EndProject
Project("{262852C6-CD72-467D-83FE-5EEB1973A190}") = "BuildFeedApp-Westminster", "Mobile\BuildFeedApp-Westminster\BuildFeedApp-Westminster.jsproj", "{5CAADB66-1FC2-4492-B766-36354687120D}"
EndProject
Project("{2150E333-8FDC-42A3-9474-1A3956D46DE8}") = "Authentication", "Authentication", "{53344C34-3493-4D0E-8425-FB18C0CC59D0}"
EndProject
Project("{2150E333-8FDC-42A3-9474-1A3956D46DE8}") = "Tools", "Tools", "{938956E0-6FA0-4432-A238-DAE704686F26}"
EndProject
Project("{2150E333-8FDC-42A3-9474-1A3956D46DE8}") = "Mobile", "Mobile", "{2B646675-44D1-4722-8A86-8C64876C8FB7}"
EndProject
Project("{FAE04EC0-301F-11D3-BF4B-00C04F79EFBC}") = "BuildFeed.Local", "BuildFeed.Local\BuildFeed.Local.csproj", "{3485B33A-6C3A-4535-9D85-4696914AD504}"
EndProject
Project("{FAE04EC0-301F-11D3-BF4B-00C04F79EFBC}") = "BuildFeed.Model", "BuildFeed.Model\BuildFeed.Model.csproj", "{7E2B4F61-1C11-4471-AF80-5480E94C0664}"
EndProject
Global
	GlobalSection(SolutionConfigurationPlatforms) = preSolution
		Debug|Any CPU = Debug|Any CPU
		Debug|ARM = Debug|ARM
		Debug|x64 = Debug|x64
		Debug|x86 = Debug|x86
		Release|Any CPU = Release|Any CPU
		Release|ARM = Release|ARM
		Release|x64 = Release|x64
		Release|x86 = Release|x86
	EndGlobalSection
	GlobalSection(ProjectConfigurationPlatforms) = postSolution
		{CDDCF754-ECAA-4A66-ADAA-62957A57A51B}.Debug|Any CPU.ActiveCfg = Debug|Any CPU
		{CDDCF754-ECAA-4A66-ADAA-62957A57A51B}.Debug|Any CPU.Build.0 = Debug|Any CPU
		{CDDCF754-ECAA-4A66-ADAA-62957A57A51B}.Debug|ARM.ActiveCfg = Debug|Any CPU
		{CDDCF754-ECAA-4A66-ADAA-62957A57A51B}.Debug|ARM.Build.0 = Debug|Any CPU
		{CDDCF754-ECAA-4A66-ADAA-62957A57A51B}.Debug|x64.ActiveCfg = Debug|Any CPU
		{CDDCF754-ECAA-4A66-ADAA-62957A57A51B}.Debug|x64.Build.0 = Debug|Any CPU
		{CDDCF754-ECAA-4A66-ADAA-62957A57A51B}.Debug|x86.ActiveCfg = Debug|Any CPU
		{CDDCF754-ECAA-4A66-ADAA-62957A57A51B}.Debug|x86.Build.0 = Debug|Any CPU
		{CDDCF754-ECAA-4A66-ADAA-62957A57A51B}.Release|Any CPU.ActiveCfg = Release|Any CPU
		{CDDCF754-ECAA-4A66-ADAA-62957A57A51B}.Release|Any CPU.Build.0 = Release|Any CPU
		{CDDCF754-ECAA-4A66-ADAA-62957A57A51B}.Release|ARM.ActiveCfg = Release|Any CPU
		{CDDCF754-ECAA-4A66-ADAA-62957A57A51B}.Release|ARM.Build.0 = Release|Any CPU
		{CDDCF754-ECAA-4A66-ADAA-62957A57A51B}.Release|x64.ActiveCfg = Release|Any CPU
		{CDDCF754-ECAA-4A66-ADAA-62957A57A51B}.Release|x64.Build.0 = Release|Any CPU
		{CDDCF754-ECAA-4A66-ADAA-62957A57A51B}.Release|x86.ActiveCfg = Release|Any CPU
		{CDDCF754-ECAA-4A66-ADAA-62957A57A51B}.Release|x86.Build.0 = Release|Any CPU
		{7C67BFB9-1B3B-4676-A58D-10573DA82CFE}.Debug|Any CPU.ActiveCfg = Debug|Any CPU
		{7C67BFB9-1B3B-4676-A58D-10573DA82CFE}.Debug|Any CPU.Build.0 = Debug|Any CPU
		{7C67BFB9-1B3B-4676-A58D-10573DA82CFE}.Debug|ARM.ActiveCfg = Debug|Any CPU
		{7C67BFB9-1B3B-4676-A58D-10573DA82CFE}.Debug|ARM.Build.0 = Debug|Any CPU
		{7C67BFB9-1B3B-4676-A58D-10573DA82CFE}.Debug|x64.ActiveCfg = Debug|Any CPU
		{7C67BFB9-1B3B-4676-A58D-10573DA82CFE}.Debug|x64.Build.0 = Debug|Any CPU
		{7C67BFB9-1B3B-4676-A58D-10573DA82CFE}.Debug|x86.ActiveCfg = Debug|Any CPU
		{7C67BFB9-1B3B-4676-A58D-10573DA82CFE}.Debug|x86.Build.0 = Debug|Any CPU
		{7C67BFB9-1B3B-4676-A58D-10573DA82CFE}.Release|Any CPU.ActiveCfg = Release|Any CPU
		{7C67BFB9-1B3B-4676-A58D-10573DA82CFE}.Release|Any CPU.Build.0 = Release|Any CPU
		{7C67BFB9-1B3B-4676-A58D-10573DA82CFE}.Release|ARM.ActiveCfg = Release|Any CPU
		{7C67BFB9-1B3B-4676-A58D-10573DA82CFE}.Release|ARM.Build.0 = Release|Any CPU
		{7C67BFB9-1B3B-4676-A58D-10573DA82CFE}.Release|x64.ActiveCfg = Release|Any CPU
		{7C67BFB9-1B3B-4676-A58D-10573DA82CFE}.Release|x64.Build.0 = Release|Any CPU
		{7C67BFB9-1B3B-4676-A58D-10573DA82CFE}.Release|x86.ActiveCfg = Release|Any CPU
		{7C67BFB9-1B3B-4676-A58D-10573DA82CFE}.Release|x86.Build.0 = Release|Any CPU
		{5CAADB66-1FC2-4492-B766-36354687120D}.Debug|Any CPU.ActiveCfg = Debug|Any CPU
		{5CAADB66-1FC2-4492-B766-36354687120D}.Debug|Any CPU.Build.0 = Debug|Any CPU
		{5CAADB66-1FC2-4492-B766-36354687120D}.Debug|Any CPU.Deploy.0 = Debug|Any CPU
		{5CAADB66-1FC2-4492-B766-36354687120D}.Debug|ARM.ActiveCfg = Debug|ARM
		{5CAADB66-1FC2-4492-B766-36354687120D}.Debug|ARM.Build.0 = Debug|ARM
		{5CAADB66-1FC2-4492-B766-36354687120D}.Debug|ARM.Deploy.0 = Debug|ARM
		{5CAADB66-1FC2-4492-B766-36354687120D}.Debug|x64.ActiveCfg = Debug|x64
		{5CAADB66-1FC2-4492-B766-36354687120D}.Debug|x64.Build.0 = Debug|x64
		{5CAADB66-1FC2-4492-B766-36354687120D}.Debug|x64.Deploy.0 = Debug|x64
		{5CAADB66-1FC2-4492-B766-36354687120D}.Debug|x86.ActiveCfg = Debug|x86
		{5CAADB66-1FC2-4492-B766-36354687120D}.Debug|x86.Build.0 = Debug|x86
		{5CAADB66-1FC2-4492-B766-36354687120D}.Debug|x86.Deploy.0 = Debug|x86
		{5CAADB66-1FC2-4492-B766-36354687120D}.Release|Any CPU.ActiveCfg = Release|Any CPU
		{5CAADB66-1FC2-4492-B766-36354687120D}.Release|Any CPU.Build.0 = Release|Any CPU
		{5CAADB66-1FC2-4492-B766-36354687120D}.Release|Any CPU.Deploy.0 = Release|Any CPU
		{5CAADB66-1FC2-4492-B766-36354687120D}.Release|ARM.ActiveCfg = Release|ARM
		{5CAADB66-1FC2-4492-B766-36354687120D}.Release|ARM.Build.0 = Release|ARM
		{5CAADB66-1FC2-4492-B766-36354687120D}.Release|ARM.Deploy.0 = Release|ARM
		{5CAADB66-1FC2-4492-B766-36354687120D}.Release|x64.ActiveCfg = Release|x64
		{5CAADB66-1FC2-4492-B766-36354687120D}.Release|x64.Build.0 = Release|x64
		{5CAADB66-1FC2-4492-B766-36354687120D}.Release|x64.Deploy.0 = Release|x64
		{5CAADB66-1FC2-4492-B766-36354687120D}.Release|x86.ActiveCfg = Release|x86
		{5CAADB66-1FC2-4492-B766-36354687120D}.Release|x86.Build.0 = Release|x86
		{5CAADB66-1FC2-4492-B766-36354687120D}.Release|x86.Deploy.0 = Release|x86
		{3485B33A-6C3A-4535-9D85-4696914AD504}.Debug|Any CPU.ActiveCfg = Debug|Any CPU
		{3485B33A-6C3A-4535-9D85-4696914AD504}.Debug|Any CPU.Build.0 = Debug|Any CPU
		{3485B33A-6C3A-4535-9D85-4696914AD504}.Debug|ARM.ActiveCfg = Debug|Any CPU
		{3485B33A-6C3A-4535-9D85-4696914AD504}.Debug|ARM.Build.0 = Debug|Any CPU
		{3485B33A-6C3A-4535-9D85-4696914AD504}.Debug|x64.ActiveCfg = Debug|Any CPU
		{3485B33A-6C3A-4535-9D85-4696914AD504}.Debug|x64.Build.0 = Debug|Any CPU
		{3485B33A-6C3A-4535-9D85-4696914AD504}.Debug|x86.ActiveCfg = Debug|Any CPU
		{3485B33A-6C3A-4535-9D85-4696914AD504}.Debug|x86.Build.0 = Debug|Any CPU
		{3485B33A-6C3A-4535-9D85-4696914AD504}.Release|Any CPU.ActiveCfg = Release|Any CPU
		{3485B33A-6C3A-4535-9D85-4696914AD504}.Release|Any CPU.Build.0 = Release|Any CPU
		{3485B33A-6C3A-4535-9D85-4696914AD504}.Release|ARM.ActiveCfg = Release|Any CPU
		{3485B33A-6C3A-4535-9D85-4696914AD504}.Release|ARM.Build.0 = Release|Any CPU
		{3485B33A-6C3A-4535-9D85-4696914AD504}.Release|x64.ActiveCfg = Release|Any CPU
		{3485B33A-6C3A-4535-9D85-4696914AD504}.Release|x64.Build.0 = Release|Any CPU
		{3485B33A-6C3A-4535-9D85-4696914AD504}.Release|x86.ActiveCfg = Release|Any CPU
		{3485B33A-6C3A-4535-9D85-4696914AD504}.Release|x86.Build.0 = Release|Any CPU
		{7E2B4F61-1C11-4471-AF80-5480E94C0664}.Debug|Any CPU.ActiveCfg = Debug|Any CPU
		{7E2B4F61-1C11-4471-AF80-5480E94C0664}.Debug|Any CPU.Build.0 = Debug|Any CPU
		{7E2B4F61-1C11-4471-AF80-5480E94C0664}.Debug|ARM.ActiveCfg = Debug|Any CPU
		{7E2B4F61-1C11-4471-AF80-5480E94C0664}.Debug|ARM.Build.0 = Debug|Any CPU
		{7E2B4F61-1C11-4471-AF80-5480E94C0664}.Debug|x64.ActiveCfg = Debug|Any CPU
		{7E2B4F61-1C11-4471-AF80-5480E94C0664}.Debug|x64.Build.0 = Debug|Any CPU
		{7E2B4F61-1C11-4471-AF80-5480E94C0664}.Debug|x86.ActiveCfg = Debug|Any CPU
		{7E2B4F61-1C11-4471-AF80-5480E94C0664}.Debug|x86.Build.0 = Debug|Any CPU
		{7E2B4F61-1C11-4471-AF80-5480E94C0664}.Release|Any CPU.ActiveCfg = Release|Any CPU
		{7E2B4F61-1C11-4471-AF80-5480E94C0664}.Release|Any CPU.Build.0 = Release|Any CPU
		{7E2B4F61-1C11-4471-AF80-5480E94C0664}.Release|ARM.ActiveCfg = Release|Any CPU
		{7E2B4F61-1C11-4471-AF80-5480E94C0664}.Release|ARM.Build.0 = Release|Any CPU
		{7E2B4F61-1C11-4471-AF80-5480E94C0664}.Release|x64.ActiveCfg = Release|Any CPU
		{7E2B4F61-1C11-4471-AF80-5480E94C0664}.Release|x64.Build.0 = Release|Any CPU
		{7E2B4F61-1C11-4471-AF80-5480E94C0664}.Release|x86.ActiveCfg = Release|Any CPU
		{7E2B4F61-1C11-4471-AF80-5480E94C0664}.Release|x86.Build.0 = Release|Any CPU
	EndGlobalSection
	GlobalSection(SolutionProperties) = preSolution
		HideSolutionNode = FALSE
	EndGlobalSection
	GlobalSection(NestedProjects) = preSolution
		{7C67BFB9-1B3B-4676-A58D-10573DA82CFE} = {53344C34-3493-4D0E-8425-FB18C0CC59D0}
		{5CAADB66-1FC2-4492-B766-36354687120D} = {2B646675-44D1-4722-8A86-8C64876C8FB7}
	EndGlobalSection
EndGlobal
